
Microsoft Visual Studio Solution File, Format Version 12.00
# Visual Studio Version 16
VisualStudioVersion = 16.0.29411.108
MinimumVisualStudioVersion = 10.0.40219.1
Project("{FAE04EC0-301F-11D3-BF4B-00C04F79EFBC}") = "GridViewDataDesigner", "GridViewDataDesigner\GridViewDataDesigner.csproj", "{ED272BB1-FA22-49C8-B3FE-E2080AF3DA30}"
EndProject
Global
	GlobalSection(SolutionConfigurationPlatforms) = preSolution
		Debug|Any CPU = Debug|Any CPU
		Release|Any CPU = Release|Any CPU
	EndGlobalSection
	GlobalSection(ProjectConfigurationPlatforms) = postSolution
		{ED272BB1-FA22-49C8-B3FE-E2080AF3DA30}.Debug|Any CPU.ActiveCfg = Debug|Any CPU
		{ED272BB1-FA22-49C8-B3FE-E2080AF3DA30}.Debug|Any CPU.Build.0 = Debug|Any CPU
		{ED272BB1-FA22-49C8-B3FE-E2080AF3DA30}.Release|Any CPU.ActiveCfg = Release|Any CPU
		{ED272BB1-FA22-49C8-B3FE-E2080AF3DA30}.Release|Any CPU.Build.0 = Release|Any CPU
	EndGlobalSection
	GlobalSection(SolutionProperties) = preSolution
		HideSolutionNode = FALSE
	EndGlobalSection
	GlobalSection(ExtensibilityGlobals) = postSolution
		SolutionGuid = {3990F228-3267-4CAB-8E62-AC16FCA47650}
	EndGlobalSection
EndGlobal
