
Microsoft Visual Studio Solution File, Format Version 12.00
# Visual Studio Version 16
VisualStudioVersion = 16.0.29411.108
MinimumVisualStudioVersion = 10.0.40219.1
Project("{FAE04EC0-301F-11D3-BF4B-00C04F79EFBC}") = "WindowsFormsDataBinding", "WindowsFormsDataBinding\WindowsFormsDataBinding.csproj", "{4C21EB9D-3829-480F-B7E7-14DF8B19444D}"
EndProject
Global
	GlobalSection(SolutionConfigurationPlatforms) = preSolution
		Debug|Any CPU = Debug|Any CPU
		Release|Any CPU = Release|Any CPU
	EndGlobalSection
	GlobalSection(ProjectConfigurationPlatforms) = postSolution
		{4C21EB9D-3829-480F-B7E7-14DF8B19444D}.Debug|Any CPU.ActiveCfg = Debug|Any CPU
		{4C21EB9D-3829-480F-B7E7-14DF8B19444D}.Debug|Any CPU.Build.0 = Debug|Any CPU
		{4C21EB9D-3829-480F-B7E7-14DF8B19444D}.Release|Any CPU.ActiveCfg = Release|Any CPU
		{4C21EB9D-3829-480F-B7E7-14DF8B19444D}.Release|Any CPU.Build.0 = Release|Any CPU
	EndGlobalSection
	GlobalSection(SolutionProperties) = preSolution
		HideSolutionNode = FALSE
	EndGlobalSection
	GlobalSection(ExtensibilityGlobals) = postSolution
		SolutionGuid = {D5BCD0CE-B6B2-490F-A97D-57147C182619}
	EndGlobalSection
EndGlobal
